
Microsoft Visual Studio Solution File, Format Version 12.00
# Visual Studio Version 17
VisualStudioVersion = 17.11.35312.102
MinimumVisualStudioVersion = 10.0.40219.1
Project("{FAE04EC0-301F-11D3-BF4B-00C04F79EFBC}") = "Project_63132401", "Project_63132401\Project_63132401.csproj", "{6B96B84F-2926-4CE8-BA5C-EEE7DC008516}"
EndProject
Global
	GlobalSection(SolutionConfigurationPlatforms) = preSolution
		Debug|Any CPU = Debug|Any CPU
		Release|Any CPU = Release|Any CPU
	EndGlobalSection
	GlobalSection(ProjectConfigurationPlatforms) = postSolution
		{6B96B84F-2926-4CE8-BA5C-EEE7DC008516}.Debug|Any CPU.ActiveCfg = Debug|Any CPU
		{6B96B84F-2926-4CE8-BA5C-EEE7DC008516}.Debug|Any CPU.Build.0 = Debug|Any CPU
		{6B96B84F-2926-4CE8-BA5C-EEE7DC008516}.Release|Any CPU.ActiveCfg = Release|Any CPU
		{6B96B84F-2926-4CE8-BA5C-EEE7DC008516}.Release|Any CPU.Build.0 = Release|Any CPU
	EndGlobalSection
	GlobalSection(SolutionProperties) = preSolution
		HideSolutionNode = FALSE
	EndGlobalSection
	GlobalSection(ExtensibilityGlobals) = postSolution
		SolutionGuid = {3DC0BA32-8E1C-4F8F-98B8-28C1550B21DA}
	EndGlobalSection
EndGlobal
